
Microsoft Visual Studio Solution File, Format Version 12.00
# Visual Studio Version 17
VisualStudioVersion = 17.4.33103.184
MinimumVisualStudioVersion = 10.0.40219.1
Project("{8BC9CEB8-8B4A-11D0-8D11-00A0C91BC942}") = "template", "template\template.vcxproj", "{0A74B53A-97BD-4BAD-B613-D4C143A98E0C}"
EndProject
Project("{8BC9CEB8-8B4A-11D0-8D11-00A0C91BC942}") = "day01", "day01\day01.vcxproj", "{D43792F0-2679-4F68-9482-3EEF1B5A803A}"
EndProject
Project("{8BC9CEB8-8B4A-11D0-8D11-00A0C91BC942}") = "day02", "day02\day02.vcxproj", "{A7AA529F-9EEB-476E-A3E7-69A036806075}"
EndProject
Project("{2150E333-8FDC-42A3-9474-1A3956D46DE8}") = "Solution Items", "Solution Items", "{299204F8-3B96-4EAD-B612-F68AA0B71694}"
	ProjectSection(SolutionItems) = preProject
		include\codeAnalysis.h = include\codeAnalysis.h
		include\constants.h = include\constants.h
		include\getdata.h = include\getdata.h
		include\hash.h = include\hash.h
		include\posVector-RC.h = include\posVector-RC.h
		include\posVector-XY.h = include\posVector-XY.h
		include\posVector-XYZ.h = include\posVector-XYZ.h
		include\print.h = include\print.h
		README.md = README.md
		include\stopwatch.h = include\stopwatch.h
		include\stringstuff.h = include\stringstuff.h
		include\thrower.h = include\thrower.h
	EndProjectSection
EndProject
Project("{8BC9CEB8-8B4A-11D0-8D11-00A0C91BC942}") = "day03", "day03\day03.vcxproj", "{73981D1C-0998-49FD-BE2E-96891F08B0F2}"
EndProject
Project("{8BC9CEB8-8B4A-11D0-8D11-00A0C91BC942}") = "day04", "day04\day04.vcxproj", "{B1529569-D0A2-4DEE-BA52-D22E9D7A0FB8}"
EndProject
Project("{8BC9CEB8-8B4A-11D0-8D11-00A0C91BC942}") = "day05", "day05\day05.vcxproj", "{18CDF823-A47B-478C-985F-630996146972}"
EndProject
Project("{8BC9CEB8-8B4A-11D0-8D11-00A0C91BC942}") = "day06", "day06\day06.vcxproj", "{727A65C4-03B4-42B9-99BD-81ECA8D8D1F1}"
EndProject
Project("{8BC9CEB8-8B4A-11D0-8D11-00A0C91BC942}") = "day07", "day07\day07.vcxproj", "{B345B994-21C5-4228-8199-FB4162AB4999}"
EndProject
Project("{8BC9CEB8-8B4A-11D0-8D11-00A0C91BC942}") = "day08", "day08\day08.vcxproj", "{C7F528F4-8ABE-4818-8D55-C492685CB149}"
EndProject
Project("{8BC9CEB8-8B4A-11D0-8D11-00A0C91BC942}") = "day09", "day09\day09.vcxproj", "{159C7ADD-0117-4131-9D56-6A1BAD63FBB0}"
EndProject
Project("{8BC9CEB8-8B4A-11D0-8D11-00A0C91BC942}") = "day10", "day10\day10.vcxproj", "{EB684137-55F6-4A9C-9F7D-3B3E2D5973E9}"
EndProject
Project("{8BC9CEB8-8B4A-11D0-8D11-00A0C91BC942}") = "day11", "day11\day11.vcxproj", "{99A9D2E3-FFAD-4FB3-919F-D3534260FFA8}"
EndProject
Project("{8BC9CEB8-8B4A-11D0-8D11-00A0C91BC942}") = "day12", "day12\day12.vcxproj", "{6DF3A5BD-1C53-40C2-A471-B7BE32A63504}"
EndProject
Project("{8BC9CEB8-8B4A-11D0-8D11-00A0C91BC942}") = "day13", "day13\day13.vcxproj", "{1FC769D2-1600-4814-9BFB-5A9F2174B8CF}"
EndProject
Project("{8BC9CEB8-8B4A-11D0-8D11-00A0C91BC942}") = "day14", "day14\day14.vcxproj", "{BA885AA5-A268-4F0C-A72D-6EA8612FEBEA}"
EndProject
Project("{8BC9CEB8-8B4A-11D0-8D11-00A0C91BC942}") = "day15", "day15\day15.vcxproj", "{009C92B3-AD58-4DDA-9CE6-02F70BCC5F2A}"
EndProject
Project("{8BC9CEB8-8B4A-11D0-8D11-00A0C91BC942}") = "day16", "day16\day16.vcxproj", "{36C15E20-9996-465B-9F54-03D7EAA1C3CE}"
EndProject
Project("{8BC9CEB8-8B4A-11D0-8D11-00A0C91BC942}") = "day17", "day17\day17.vcxproj", "{89A1F89A-11D8-4C6E-A144-CD3248C90AF5}"
EndProject
Project("{8BC9CEB8-8B4A-11D0-8D11-00A0C91BC942}") = "day18", "day18\day18.vcxproj", "{1D396530-624E-4F16-B2D5-307F42828FBE}"
EndProject
Project("{8BC9CEB8-8B4A-11D0-8D11-00A0C91BC942}") = "day19", "day19\day19.vcxproj", "{351CA606-839A-49B6-9E46-D6F5A0CC27CD}"
EndProject
Project("{8BC9CEB8-8B4A-11D0-8D11-00A0C91BC942}") = "day20", "day20\day20.vcxproj", "{0D8CEB2D-30B3-4B21-8576-283DDF01F244}"
EndProject
Project("{8BC9CEB8-8B4A-11D0-8D11-00A0C91BC942}") = "day21", "day21\day21.vcxproj", "{EDE8736B-F43F-44E2-9C31-7D2E2A5B91CD}"
EndProject
Project("{8BC9CEB8-8B4A-11D0-8D11-00A0C91BC942}") = "day22", "day22\day22.vcxproj", "{732D74ED-0047-47E4-996F-E00B12040684}"
EndProject
Project("{8BC9CEB8-8B4A-11D0-8D11-00A0C91BC942}") = "day23", "day23\day23.vcxproj", "{A16EF5EC-59F4-4947-8B36-59701110BA53}"
EndProject
Global
	GlobalSection(SolutionConfigurationPlatforms) = preSolution
		Debug|x64 = Debug|x64
		Debug|x86 = Debug|x86
		Release|x64 = Release|x64
		Release|x86 = Release|x86
	EndGlobalSection
	GlobalSection(ProjectConfigurationPlatforms) = postSolution
		{0A74B53A-97BD-4BAD-B613-D4C143A98E0C}.Debug|x64.ActiveCfg = Debug|x64
		{0A74B53A-97BD-4BAD-B613-D4C143A98E0C}.Debug|x64.Build.0 = Debug|x64
		{0A74B53A-97BD-4BAD-B613-D4C143A98E0C}.Debug|x86.ActiveCfg = Debug|Win32
		{0A74B53A-97BD-4BAD-B613-D4C143A98E0C}.Debug|x86.Build.0 = Debug|Win32
		{0A74B53A-97BD-4BAD-B613-D4C143A98E0C}.Release|x64.ActiveCfg = Release|x64
		{0A74B53A-97BD-4BAD-B613-D4C143A98E0C}.Release|x64.Build.0 = Release|x64
		{0A74B53A-97BD-4BAD-B613-D4C143A98E0C}.Release|x86.ActiveCfg = Release|Win32
		{0A74B53A-97BD-4BAD-B613-D4C143A98E0C}.Release|x86.Build.0 = Release|Win32
		{D43792F0-2679-4F68-9482-3EEF1B5A803A}.Debug|x64.ActiveCfg = Debug|x64
		{D43792F0-2679-4F68-9482-3EEF1B5A803A}.Debug|x64.Build.0 = Debug|x64
		{D43792F0-2679-4F68-9482-3EEF1B5A803A}.Debug|x86.ActiveCfg = Debug|Win32
		{D43792F0-2679-4F68-9482-3EEF1B5A803A}.Debug|x86.Build.0 = Debug|Win32
		{D43792F0-2679-4F68-9482-3EEF1B5A803A}.Release|x64.ActiveCfg = Release|x64
		{D43792F0-2679-4F68-9482-3EEF1B5A803A}.Release|x64.Build.0 = Release|x64
		{D43792F0-2679-4F68-9482-3EEF1B5A803A}.Release|x86.ActiveCfg = Release|Win32
		{D43792F0-2679-4F68-9482-3EEF1B5A803A}.Release|x86.Build.0 = Release|Win32
		{A7AA529F-9EEB-476E-A3E7-69A036806075}.Debug|x64.ActiveCfg = Debug|x64
		{A7AA529F-9EEB-476E-A3E7-69A036806075}.Debug|x64.Build.0 = Debug|x64
		{A7AA529F-9EEB-476E-A3E7-69A036806075}.Debug|x86.ActiveCfg = Debug|Win32
		{A7AA529F-9EEB-476E-A3E7-69A036806075}.Debug|x86.Build.0 = Debug|Win32
		{A7AA529F-9EEB-476E-A3E7-69A036806075}.Release|x64.ActiveCfg = Release|x64
		{A7AA529F-9EEB-476E-A3E7-69A036806075}.Release|x64.Build.0 = Release|x64
		{A7AA529F-9EEB-476E-A3E7-69A036806075}.Release|x86.ActiveCfg = Release|Win32
		{A7AA529F-9EEB-476E-A3E7-69A036806075}.Release|x86.Build.0 = Release|Win32
		{73981D1C-0998-49FD-BE2E-96891F08B0F2}.Debug|x64.ActiveCfg = Debug|x64
		{73981D1C-0998-49FD-BE2E-96891F08B0F2}.Debug|x64.Build.0 = Debug|x64
		{73981D1C-0998-49FD-BE2E-96891F08B0F2}.Debug|x86.ActiveCfg = Debug|Win32
		{73981D1C-0998-49FD-BE2E-96891F08B0F2}.Debug|x86.Build.0 = Debug|Win32
		{73981D1C-0998-49FD-BE2E-96891F08B0F2}.Release|x64.ActiveCfg = Release|x64
		{73981D1C-0998-49FD-BE2E-96891F08B0F2}.Release|x64.Build.0 = Release|x64
		{73981D1C-0998-49FD-BE2E-96891F08B0F2}.Release|x86.ActiveCfg = Release|Win32
		{73981D1C-0998-49FD-BE2E-96891F08B0F2}.Release|x86.Build.0 = Release|Win32
		{B1529569-D0A2-4DEE-BA52-D22E9D7A0FB8}.Debug|x64.ActiveCfg = Debug|x64
		{B1529569-D0A2-4DEE-BA52-D22E9D7A0FB8}.Debug|x64.Build.0 = Debug|x64
		{B1529569-D0A2-4DEE-BA52-D22E9D7A0FB8}.Debug|x86.ActiveCfg = Debug|Win32
		{B1529569-D0A2-4DEE-BA52-D22E9D7A0FB8}.Debug|x86.Build.0 = Debug|Win32
		{B1529569-D0A2-4DEE-BA52-D22E9D7A0FB8}.Release|x64.ActiveCfg = Release|x64
		{B1529569-D0A2-4DEE-BA52-D22E9D7A0FB8}.Release|x64.Build.0 = Release|x64
		{B1529569-D0A2-4DEE-BA52-D22E9D7A0FB8}.Release|x86.ActiveCfg = Release|Win32
		{B1529569-D0A2-4DEE-BA52-D22E9D7A0FB8}.Release|x86.Build.0 = Release|Win32
		{18CDF823-A47B-478C-985F-630996146972}.Debug|x64.ActiveCfg = Debug|x64
		{18CDF823-A47B-478C-985F-630996146972}.Debug|x64.Build.0 = Debug|x64
		{18CDF823-A47B-478C-985F-630996146972}.Debug|x86.ActiveCfg = Debug|Win32
		{18CDF823-A47B-478C-985F-630996146972}.Debug|x86.Build.0 = Debug|Win32
		{18CDF823-A47B-478C-985F-630996146972}.Release|x64.ActiveCfg = Release|x64
		{18CDF823-A47B-478C-985F-630996146972}.Release|x64.Build.0 = Release|x64
		{18CDF823-A47B-478C-985F-630996146972}.Release|x86.ActiveCfg = Release|Win32
		{18CDF823-A47B-478C-985F-630996146972}.Release|x86.Build.0 = Release|Win32
		{727A65C4-03B4-42B9-99BD-81ECA8D8D1F1}.Debug|x64.ActiveCfg = Debug|x64
		{727A65C4-03B4-42B9-99BD-81ECA8D8D1F1}.Debug|x64.Build.0 = Debug|x64
		{727A65C4-03B4-42B9-99BD-81ECA8D8D1F1}.Debug|x86.ActiveCfg = Debug|Win32
		{727A65C4-03B4-42B9-99BD-81ECA8D8D1F1}.Debug|x86.Build.0 = Debug|Win32
		{727A65C4-03B4-42B9-99BD-81ECA8D8D1F1}.Release|x64.ActiveCfg = Release|x64
		{727A65C4-03B4-42B9-99BD-81ECA8D8D1F1}.Release|x64.Build.0 = Release|x64
		{727A65C4-03B4-42B9-99BD-81ECA8D8D1F1}.Release|x86.ActiveCfg = Release|Win32
		{727A65C4-03B4-42B9-99BD-81ECA8D8D1F1}.Release|x86.Build.0 = Release|Win32
		{B345B994-21C5-4228-8199-FB4162AB4999}.Debug|x64.ActiveCfg = Debug|x64
		{B345B994-21C5-4228-8199-FB4162AB4999}.Debug|x64.Build.0 = Debug|x64
		{B345B994-21C5-4228-8199-FB4162AB4999}.Debug|x86.ActiveCfg = Debug|Win32
		{B345B994-21C5-4228-8199-FB4162AB4999}.Debug|x86.Build.0 = Debug|Win32
		{B345B994-21C5-4228-8199-FB4162AB4999}.Release|x64.ActiveCfg = Release|x64
		{B345B994-21C5-4228-8199-FB4162AB4999}.Release|x64.Build.0 = Release|x64
		{B345B994-21C5-4228-8199-FB4162AB4999}.Release|x86.ActiveCfg = Release|Win32
		{B345B994-21C5-4228-8199-FB4162AB4999}.Release|x86.Build.0 = Release|Win32
		{C7F528F4-8ABE-4818-8D55-C492685CB149}.Debug|x64.ActiveCfg = Debug|x64
		{C7F528F4-8ABE-4818-8D55-C492685CB149}.Debug|x64.Build.0 = Debug|x64
		{C7F528F4-8ABE-4818-8D55-C492685CB149}.Debug|x86.ActiveCfg = Debug|Win32
		{C7F528F4-8ABE-4818-8D55-C492685CB149}.Debug|x86.Build.0 = Debug|Win32
		{C7F528F4-8ABE-4818-8D55-C492685CB149}.Release|x64.ActiveCfg = Release|x64
		{C7F528F4-8ABE-4818-8D55-C492685CB149}.Release|x64.Build.0 = Release|x64
		{C7F528F4-8ABE-4818-8D55-C492685CB149}.Release|x86.ActiveCfg = Release|Win32
		{C7F528F4-8ABE-4818-8D55-C492685CB149}.Release|x86.Build.0 = Release|Win32
		{159C7ADD-0117-4131-9D56-6A1BAD63FBB0}.Debug|x64.ActiveCfg = Debug|x64
		{159C7ADD-0117-4131-9D56-6A1BAD63FBB0}.Debug|x64.Build.0 = Debug|x64
		{159C7ADD-0117-4131-9D56-6A1BAD63FBB0}.Debug|x86.ActiveCfg = Debug|Win32
		{159C7ADD-0117-4131-9D56-6A1BAD63FBB0}.Debug|x86.Build.0 = Debug|Win32
		{159C7ADD-0117-4131-9D56-6A1BAD63FBB0}.Release|x64.ActiveCfg = Release|x64
		{159C7ADD-0117-4131-9D56-6A1BAD63FBB0}.Release|x64.Build.0 = Release|x64
		{159C7ADD-0117-4131-9D56-6A1BAD63FBB0}.Release|x86.ActiveCfg = Release|Win32
		{159C7ADD-0117-4131-9D56-6A1BAD63FBB0}.Release|x86.Build.0 = Release|Win32
		{EB684137-55F6-4A9C-9F7D-3B3E2D5973E9}.Debug|x64.ActiveCfg = Debug|x64
		{EB684137-55F6-4A9C-9F7D-3B3E2D5973E9}.Debug|x64.Build.0 = Debug|x64
		{EB684137-55F6-4A9C-9F7D-3B3E2D5973E9}.Debug|x86.ActiveCfg = Debug|Win32
		{EB684137-55F6-4A9C-9F7D-3B3E2D5973E9}.Debug|x86.Build.0 = Debug|Win32
		{EB684137-55F6-4A9C-9F7D-3B3E2D5973E9}.Release|x64.ActiveCfg = Release|x64
		{EB684137-55F6-4A9C-9F7D-3B3E2D5973E9}.Release|x64.Build.0 = Release|x64
		{EB684137-55F6-4A9C-9F7D-3B3E2D5973E9}.Release|x86.ActiveCfg = Release|Win32
		{EB684137-55F6-4A9C-9F7D-3B3E2D5973E9}.Release|x86.Build.0 = Release|Win32
		{99A9D2E3-FFAD-4FB3-919F-D3534260FFA8}.Debug|x64.ActiveCfg = Debug|x64
		{99A9D2E3-FFAD-4FB3-919F-D3534260FFA8}.Debug|x64.Build.0 = Debug|x64
		{99A9D2E3-FFAD-4FB3-919F-D3534260FFA8}.Debug|x86.ActiveCfg = Debug|Win32
		{99A9D2E3-FFAD-4FB3-919F-D3534260FFA8}.Debug|x86.Build.0 = Debug|Win32
		{99A9D2E3-FFAD-4FB3-919F-D3534260FFA8}.Release|x64.ActiveCfg = Release|x64
		{99A9D2E3-FFAD-4FB3-919F-D3534260FFA8}.Release|x64.Build.0 = Release|x64
		{99A9D2E3-FFAD-4FB3-919F-D3534260FFA8}.Release|x86.ActiveCfg = Release|Win32
		{99A9D2E3-FFAD-4FB3-919F-D3534260FFA8}.Release|x86.Build.0 = Release|Win32
		{6DF3A5BD-1C53-40C2-A471-B7BE32A63504}.Debug|x64.ActiveCfg = Debug|x64
		{6DF3A5BD-1C53-40C2-A471-B7BE32A63504}.Debug|x64.Build.0 = Debug|x64
		{6DF3A5BD-1C53-40C2-A471-B7BE32A63504}.Debug|x86.ActiveCfg = Debug|Win32
		{6DF3A5BD-1C53-40C2-A471-B7BE32A63504}.Debug|x86.Build.0 = Debug|Win32
		{6DF3A5BD-1C53-40C2-A471-B7BE32A63504}.Release|x64.ActiveCfg = Release|x64
		{6DF3A5BD-1C53-40C2-A471-B7BE32A63504}.Release|x64.Build.0 = Release|x64
		{6DF3A5BD-1C53-40C2-A471-B7BE32A63504}.Release|x86.ActiveCfg = Release|Win32
		{6DF3A5BD-1C53-40C2-A471-B7BE32A63504}.Release|x86.Build.0 = Release|Win32
		{1FC769D2-1600-4814-9BFB-5A9F2174B8CF}.Debug|x64.ActiveCfg = Debug|x64
		{1FC769D2-1600-4814-9BFB-5A9F2174B8CF}.Debug|x64.Build.0 = Debug|x64
		{1FC769D2-1600-4814-9BFB-5A9F2174B8CF}.Debug|x86.ActiveCfg = Debug|Win32
		{1FC769D2-1600-4814-9BFB-5A9F2174B8CF}.Debug|x86.Build.0 = Debug|Win32
		{1FC769D2-1600-4814-9BFB-5A9F2174B8CF}.Release|x64.ActiveCfg = Release|x64
		{1FC769D2-1600-4814-9BFB-5A9F2174B8CF}.Release|x64.Build.0 = Release|x64
		{1FC769D2-1600-4814-9BFB-5A9F2174B8CF}.Release|x86.ActiveCfg = Release|Win32
		{1FC769D2-1600-4814-9BFB-5A9F2174B8CF}.Release|x86.Build.0 = Release|Win32
		{BA885AA5-A268-4F0C-A72D-6EA8612FEBEA}.Debug|x64.ActiveCfg = Debug|x64
		{BA885AA5-A268-4F0C-A72D-6EA8612FEBEA}.Debug|x64.Build.0 = Debug|x64
		{BA885AA5-A268-4F0C-A72D-6EA8612FEBEA}.Debug|x86.ActiveCfg = Debug|Win32
		{BA885AA5-A268-4F0C-A72D-6EA8612FEBEA}.Debug|x86.Build.0 = Debug|Win32
		{BA885AA5-A268-4F0C-A72D-6EA8612FEBEA}.Release|x64.ActiveCfg = Release|x64
		{BA885AA5-A268-4F0C-A72D-6EA8612FEBEA}.Release|x64.Build.0 = Release|x64
		{BA885AA5-A268-4F0C-A72D-6EA8612FEBEA}.Release|x86.ActiveCfg = Release|Win32
		{BA885AA5-A268-4F0C-A72D-6EA8612FEBEA}.Release|x86.Build.0 = Release|Win32
		{009C92B3-AD58-4DDA-9CE6-02F70BCC5F2A}.Debug|x64.ActiveCfg = Debug|x64
		{009C92B3-AD58-4DDA-9CE6-02F70BCC5F2A}.Debug|x64.Build.0 = Debug|x64
		{009C92B3-AD58-4DDA-9CE6-02F70BCC5F2A}.Debug|x86.ActiveCfg = Debug|Win32
		{009C92B3-AD58-4DDA-9CE6-02F70BCC5F2A}.Debug|x86.Build.0 = Debug|Win32
		{009C92B3-AD58-4DDA-9CE6-02F70BCC5F2A}.Release|x64.ActiveCfg = Release|x64
		{009C92B3-AD58-4DDA-9CE6-02F70BCC5F2A}.Release|x64.Build.0 = Release|x64
		{009C92B3-AD58-4DDA-9CE6-02F70BCC5F2A}.Release|x86.ActiveCfg = Release|Win32
		{009C92B3-AD58-4DDA-9CE6-02F70BCC5F2A}.Release|x86.Build.0 = Release|Win32
		{36C15E20-9996-465B-9F54-03D7EAA1C3CE}.Debug|x64.ActiveCfg = Debug|x64
		{36C15E20-9996-465B-9F54-03D7EAA1C3CE}.Debug|x64.Build.0 = Debug|x64
		{36C15E20-9996-465B-9F54-03D7EAA1C3CE}.Debug|x86.ActiveCfg = Debug|Win32
		{36C15E20-9996-465B-9F54-03D7EAA1C3CE}.Debug|x86.Build.0 = Debug|Win32
		{36C15E20-9996-465B-9F54-03D7EAA1C3CE}.Release|x64.ActiveCfg = Release|x64
		{36C15E20-9996-465B-9F54-03D7EAA1C3CE}.Release|x64.Build.0 = Release|x64
		{36C15E20-9996-465B-9F54-03D7EAA1C3CE}.Release|x86.ActiveCfg = Release|Win32
		{36C15E20-9996-465B-9F54-03D7EAA1C3CE}.Release|x86.Build.0 = Release|Win32
		{89A1F89A-11D8-4C6E-A144-CD3248C90AF5}.Debug|x64.ActiveCfg = Debug|x64
		{89A1F89A-11D8-4C6E-A144-CD3248C90AF5}.Debug|x64.Build.0 = Debug|x64
		{89A1F89A-11D8-4C6E-A144-CD3248C90AF5}.Debug|x86.ActiveCfg = Debug|Win32
		{89A1F89A-11D8-4C6E-A144-CD3248C90AF5}.Debug|x86.Build.0 = Debug|Win32
		{89A1F89A-11D8-4C6E-A144-CD3248C90AF5}.Release|x64.ActiveCfg = Release|x64
		{89A1F89A-11D8-4C6E-A144-CD3248C90AF5}.Release|x64.Build.0 = Release|x64
		{89A1F89A-11D8-4C6E-A144-CD3248C90AF5}.Release|x86.ActiveCfg = Release|Win32
		{89A1F89A-11D8-4C6E-A144-CD3248C90AF5}.Release|x86.Build.0 = Release|Win32
		{1D396530-624E-4F16-B2D5-307F42828FBE}.Debug|x64.ActiveCfg = Debug|x64
		{1D396530-624E-4F16-B2D5-307F42828FBE}.Debug|x64.Build.0 = Debug|x64
		{1D396530-624E-4F16-B2D5-307F42828FBE}.Debug|x86.ActiveCfg = Debug|Win32
		{1D396530-624E-4F16-B2D5-307F42828FBE}.Debug|x86.Build.0 = Debug|Win32
		{1D396530-624E-4F16-B2D5-307F42828FBE}.Release|x64.ActiveCfg = Release|x64
		{1D396530-624E-4F16-B2D5-307F42828FBE}.Release|x64.Build.0 = Release|x64
		{1D396530-624E-4F16-B2D5-307F42828FBE}.Release|x86.ActiveCfg = Release|Win32
		{1D396530-624E-4F16-B2D5-307F42828FBE}.Release|x86.Build.0 = Release|Win32
		{351CA606-839A-49B6-9E46-D6F5A0CC27CD}.Debug|x64.ActiveCfg = Debug|x64
		{351CA606-839A-49B6-9E46-D6F5A0CC27CD}.Debug|x64.Build.0 = Debug|x64
		{351CA606-839A-49B6-9E46-D6F5A0CC27CD}.Debug|x86.ActiveCfg = Debug|Win32
		{351CA606-839A-49B6-9E46-D6F5A0CC27CD}.Debug|x86.Build.0 = Debug|Win32
		{351CA606-839A-49B6-9E46-D6F5A0CC27CD}.Release|x64.ActiveCfg = Release|x64
		{351CA606-839A-49B6-9E46-D6F5A0CC27CD}.Release|x64.Build.0 = Release|x64
		{351CA606-839A-49B6-9E46-D6F5A0CC27CD}.Release|x86.ActiveCfg = Release|Win32
		{351CA606-839A-49B6-9E46-D6F5A0CC27CD}.Release|x86.Build.0 = Release|Win32
		{0D8CEB2D-30B3-4B21-8576-283DDF01F244}.Debug|x64.ActiveCfg = Debug|x64
		{0D8CEB2D-30B3-4B21-8576-283DDF01F244}.Debug|x64.Build.0 = Debug|x64
		{0D8CEB2D-30B3-4B21-8576-283DDF01F244}.Debug|x86.ActiveCfg = Debug|Win32
		{0D8CEB2D-30B3-4B21-8576-283DDF01F244}.Debug|x86.Build.0 = Debug|Win32
		{0D8CEB2D-30B3-4B21-8576-283DDF01F244}.Release|x64.ActiveCfg = Release|x64
		{0D8CEB2D-30B3-4B21-8576-283DDF01F244}.Release|x64.Build.0 = Release|x64
		{0D8CEB2D-30B3-4B21-8576-283DDF01F244}.Release|x86.ActiveCfg = Release|Win32
		{0D8CEB2D-30B3-4B21-8576-283DDF01F244}.Release|x86.Build.0 = Release|Win32
		{EDE8736B-F43F-44E2-9C31-7D2E2A5B91CD}.Debug|x64.ActiveCfg = Debug|x64
		{EDE8736B-F43F-44E2-9C31-7D2E2A5B91CD}.Debug|x64.Build.0 = Debug|x64
		{EDE8736B-F43F-44E2-9C31-7D2E2A5B91CD}.Debug|x86.ActiveCfg = Debug|Win32
		{EDE8736B-F43F-44E2-9C31-7D2E2A5B91CD}.Debug|x86.Build.0 = Debug|Win32
		{EDE8736B-F43F-44E2-9C31-7D2E2A5B91CD}.Release|x64.ActiveCfg = Release|x64
		{EDE8736B-F43F-44E2-9C31-7D2E2A5B91CD}.Release|x64.Build.0 = Release|x64
		{EDE8736B-F43F-44E2-9C31-7D2E2A5B91CD}.Release|x86.ActiveCfg = Release|Win32
		{EDE8736B-F43F-44E2-9C31-7D2E2A5B91CD}.Release|x86.Build.0 = Release|Win32
		{732D74ED-0047-47E4-996F-E00B12040684}.Debug|x64.ActiveCfg = Debug|x64
		{732D74ED-0047-47E4-996F-E00B12040684}.Debug|x64.Build.0 = Debug|x64
		{732D74ED-0047-47E4-996F-E00B12040684}.Debug|x86.ActiveCfg = Debug|Win32
		{732D74ED-0047-47E4-996F-E00B12040684}.Debug|x86.Build.0 = Debug|Win32
		{732D74ED-0047-47E4-996F-E00B12040684}.Release|x64.ActiveCfg = Release|x64
		{732D74ED-0047-47E4-996F-E00B12040684}.Release|x64.Build.0 = Release|x64
		{732D74ED-0047-47E4-996F-E00B12040684}.Release|x86.ActiveCfg = Release|Win32
		{732D74ED-0047-47E4-996F-E00B12040684}.Release|x86.Build.0 = Release|Win32
		{A16EF5EC-59F4-4947-8B36-59701110BA53}.Debug|x64.ActiveCfg = Debug|x64
		{A16EF5EC-59F4-4947-8B36-59701110BA53}.Debug|x64.Build.0 = Debug|x64
		{A16EF5EC-59F4-4947-8B36-59701110BA53}.Debug|x86.ActiveCfg = Debug|Win32
		{A16EF5EC-59F4-4947-8B36-59701110BA53}.Debug|x86.Build.0 = Debug|Win32
		{A16EF5EC-59F4-4947-8B36-59701110BA53}.Release|x64.ActiveCfg = Release|x64
		{A16EF5EC-59F4-4947-8B36-59701110BA53}.Release|x64.Build.0 = Release|x64
		{A16EF5EC-59F4-4947-8B36-59701110BA53}.Release|x86.ActiveCfg = Release|Win32
		{A16EF5EC-59F4-4947-8B36-59701110BA53}.Release|x86.Build.0 = Release|Win32
	EndGlobalSection
	GlobalSection(SolutionProperties) = preSolution
		HideSolutionNode = FALSE
	EndGlobalSection
	GlobalSection(ExtensibilityGlobals) = postSolution
		SolutionGuid = {4CE10610-514F-4242-AB51-D7699713185C}
	EndGlobalSection
EndGlobal
